
Microsoft Visual Studio Solution File, Format Version 12.00
# Visual Studio Version 16
VisualStudioVersion = 16.0.28803.156
MinimumVisualStudioVersion = 10.0.40219.1
Project("{FAE04EC0-301F-11D3-BF4B-00C04F79EFBC}") = "GraphQl.Api", "GraphQl.Api\GraphQl.Api.csproj", "{A75AA82D-D995-4DC5-B319-D54C3EBF3BD9}"
EndProject
Global
	GlobalSection(SolutionConfigurationPlatforms) = preSolution
		Debug|Any CPU = Debug|Any CPU
		Release|Any CPU = Release|Any CPU
	EndGlobalSection
	GlobalSection(ProjectConfigurationPlatforms) = postSolution
		{A75AA82D-D995-4DC5-B319-D54C3EBF3BD9}.Debug|Any CPU.ActiveCfg = Debug|Any CPU
		{A75AA82D-D995-4DC5-B319-D54C3EBF3BD9}.Debug|Any CPU.Build.0 = Debug|Any CPU
		{A75AA82D-D995-4DC5-B319-D54C3EBF3BD9}.Release|Any CPU.ActiveCfg = Release|Any CPU
		{A75AA82D-D995-4DC5-B319-D54C3EBF3BD9}.Release|Any CPU.Build.0 = Release|Any CPU
	EndGlobalSection
	GlobalSection(SolutionProperties) = preSolution
		HideSolutionNode = FALSE
	EndGlobalSection
	GlobalSection(ExtensibilityGlobals) = postSolution
		SolutionGuid = {7D3BA70D-18F4-4754-B5C4-11BBD6DADA78}
	EndGlobalSection
EndGlobal
